
Microsoft Visual Studio Solution File, Format Version 12.00
# Visual Studio Version 17
VisualStudioVersion = 17.5.002.0
MinimumVisualStudioVersion = 10.0.40219.1
Project("{9A19103F-16F7-4668-BE54-9A1E7A4F7556}") = "AbsoPickUp", "AbsoPickUp.csproj", "{EC110B46-FC97-4606-BA48-1A4EB8D83CFA}"
EndProject
Global
	GlobalSection(SolutionConfigurationPlatforms) = preSolution
		Debug|Any CPU = Debug|Any CPU
		Release|Any CPU = Release|Any CPU
	EndGlobalSection
	GlobalSection(ProjectConfigurationPlatforms) = postSolution
		{EC110B46-FC97-4606-BA48-1A4EB8D83CFA}.Debug|Any CPU.ActiveCfg = Debug|Any CPU
		{EC110B46-FC97-4606-BA48-1A4EB8D83CFA}.Debug|Any CPU.Build.0 = Debug|Any CPU
		{EC110B46-FC97-4606-BA48-1A4EB8D83CFA}.Release|Any CPU.ActiveCfg = Release|Any CPU
		{EC110B46-FC97-4606-BA48-1A4EB8D83CFA}.Release|Any CPU.Build.0 = Release|Any CPU
	EndGlobalSection
	GlobalSection(SolutionProperties) = preSolution
		HideSolutionNode = FALSE
	EndGlobalSection
	GlobalSection(ExtensibilityGlobals) = postSolution
		SolutionGuid = {4E3F3681-9AA4-41F5-9615-B2E739002ED7}
	EndGlobalSection
EndGlobal
